
Microsoft Visual Studio Solution File, Format Version 12.00
# Visual Studio 15
VisualStudioVersion = 15.0.28010.2036
MinimumVisualStudioVersion = 10.0.40219.1
Project("{6EC3EE1D-3C4E-46DD-8F32-0CC8E7565705}") = "FsYaccLite", "FsYaccLite\FsYaccLite.fsproj", "{D86A3D48-9CD8-4C12-AA8F-51549E66D192}"
EndProject
Project("{6EC3EE1D-3C4E-46DD-8F32-0CC8E7565705}") = "FsLexLite", "FsLexLite\FsLexLite.fsproj", "{65FA595A-EDF3-4CAE-80C6-07DC00E7F417}"
EndProject
Project("{F2A71F9B-5D33-465A-A702-920D77279786}") = "Common", "Common\Common.fsproj", "{FCD80F30-0061-4EF9-A2BB-96FA0E186EDF}"
EndProject
Project("{F2A71F9B-5D33-465A-A702-920D77279786}") = "Arg", "Arg\Arg.fsproj", "{A61AFEE0-BFE9-411E-868B-EACF83CD7349}"
EndProject
Global
	GlobalSection(SolutionConfigurationPlatforms) = preSolution
		Debug|Any CPU = Debug|Any CPU
		Release|Any CPU = Release|Any CPU
	EndGlobalSection
	GlobalSection(ProjectConfigurationPlatforms) = postSolution
		{D86A3D48-9CD8-4C12-AA8F-51549E66D192}.Debug|Any CPU.ActiveCfg = Debug|Any CPU
		{D86A3D48-9CD8-4C12-AA8F-51549E66D192}.Debug|Any CPU.Build.0 = Debug|Any CPU
		{D86A3D48-9CD8-4C12-AA8F-51549E66D192}.Release|Any CPU.ActiveCfg = Release|Any CPU
		{D86A3D48-9CD8-4C12-AA8F-51549E66D192}.Release|Any CPU.Build.0 = Release|Any CPU
		{65FA595A-EDF3-4CAE-80C6-07DC00E7F417}.Debug|Any CPU.ActiveCfg = Debug|Any CPU
		{65FA595A-EDF3-4CAE-80C6-07DC00E7F417}.Debug|Any CPU.Build.0 = Debug|Any CPU
		{65FA595A-EDF3-4CAE-80C6-07DC00E7F417}.Release|Any CPU.ActiveCfg = Release|Any CPU
		{65FA595A-EDF3-4CAE-80C6-07DC00E7F417}.Release|Any CPU.Build.0 = Release|Any CPU
		{FCD80F30-0061-4EF9-A2BB-96FA0E186EDF}.Debug|Any CPU.ActiveCfg = Debug|Any CPU
		{FCD80F30-0061-4EF9-A2BB-96FA0E186EDF}.Debug|Any CPU.Build.0 = Debug|Any CPU
		{FCD80F30-0061-4EF9-A2BB-96FA0E186EDF}.Release|Any CPU.ActiveCfg = Release|Any CPU
		{FCD80F30-0061-4EF9-A2BB-96FA0E186EDF}.Release|Any CPU.Build.0 = Release|Any CPU
		{A61AFEE0-BFE9-411E-868B-EACF83CD7349}.Debug|Any CPU.ActiveCfg = Debug|Any CPU
		{A61AFEE0-BFE9-411E-868B-EACF83CD7349}.Debug|Any CPU.Build.0 = Debug|Any CPU
		{A61AFEE0-BFE9-411E-868B-EACF83CD7349}.Release|Any CPU.ActiveCfg = Release|Any CPU
		{A61AFEE0-BFE9-411E-868B-EACF83CD7349}.Release|Any CPU.Build.0 = Release|Any CPU
	EndGlobalSection
	GlobalSection(SolutionProperties) = preSolution
		HideSolutionNode = FALSE
	EndGlobalSection
	GlobalSection(ExtensibilityGlobals) = postSolution
		SolutionGuid = {C395EB7D-8AC9-4403-8845-DB8789351026}
	EndGlobalSection
EndGlobal
