
Microsoft Visual Studio Solution File, Format Version 12.00
# Visual Studio 15
VisualStudioVersion = 15.0.28010.2036
MinimumVisualStudioVersion = 10.0.40219.1
Project("{6EC3EE1D-3C4E-46DD-8F32-0CC8E7565705}") = "Expr", "Expr\Expr.fsproj", "{4D3FA658-ACF8-4C21-9202-510171B54696}"
EndProject
Global
	GlobalSection(SolutionConfigurationPlatforms) = preSolution
		Debug|Any CPU = Debug|Any CPU
		Release|Any CPU = Release|Any CPU
	EndGlobalSection
	GlobalSection(ProjectConfigurationPlatforms) = postSolution
		{4D3FA658-ACF8-4C21-9202-510171B54696}.Debug|Any CPU.ActiveCfg = Debug|Any CPU
		{4D3FA658-ACF8-4C21-9202-510171B54696}.Debug|Any CPU.Build.0 = Debug|Any CPU
		{4D3FA658-ACF8-4C21-9202-510171B54696}.Release|Any CPU.ActiveCfg = Release|Any CPU
		{4D3FA658-ACF8-4C21-9202-510171B54696}.Release|Any CPU.Build.0 = Release|Any CPU
	EndGlobalSection
	GlobalSection(SolutionProperties) = preSolution
		HideSolutionNode = FALSE
	EndGlobalSection
	GlobalSection(ExtensibilityGlobals) = postSolution
		SolutionGuid = {B21B8F57-7403-46F8-B1FA-1DE3581A7DAE}
	EndGlobalSection
EndGlobal
